
Microsoft Visual Studio Solution File, Format Version 10.00
# Visual C# Express 2008
Project("{FAE04EC0-301F-11D3-BF4B-00C04F79EFBC}") = "SADIPlugin", "SADIPlugin.csproj", "{08AA16CC-0FC0-412B-A97A-A935C3B9289E}"
EndProject
Global
	GlobalSection(SolutionConfigurationPlatforms) = preSolution
		Debug|Any CPU = Debug|Any CPU
		Release|Any CPU = Release|Any CPU
	EndGlobalSection
	GlobalSection(ProjectConfigurationPlatforms) = postSolution
		{08AA16CC-0FC0-412B-A97A-A935C3B9289E}.Debug|Any CPU.ActiveCfg = Debug|Any CPU
		{08AA16CC-0FC0-412B-A97A-A935C3B9289E}.Debug|Any CPU.Build.0 = Debug|Any CPU
		{08AA16CC-0FC0-412B-A97A-A935C3B9289E}.Release|Any CPU.ActiveCfg = Release|Any CPU
		{08AA16CC-0FC0-412B-A97A-A935C3B9289E}.Release|Any CPU.Build.0 = Release|Any CPU
	EndGlobalSection
	GlobalSection(SolutionProperties) = preSolution
		HideSolutionNode = FALSE
	EndGlobalSection
EndGlobal
